
Microsoft Visual Studio Solution File, Format Version 12.00
# Visual Studio Version 17
VisualStudioVersion = 17.9.34728.123
MinimumVisualStudioVersion = 10.0.40219.1
Project("{FAE04EC0-301F-11D3-BF4B-00C04F79EFBC}") = "CoreMarket.UI", "CoreMarket.UI\CoreMarket.UI.csproj", "{63C5E2C1-58BF-4921-BCEB-4932E5C4CB68}"
EndProject
Project("{FAE04EC0-301F-11D3-BF4B-00C04F79EFBC}") = "CoreMarket.Core", "CoreMarket.Core\CoreMarket.Core.csproj", "{78027CDF-902E-47EF-BD6E-0F77B26DA141}"
EndProject
Project("{FAE04EC0-301F-11D3-BF4B-00C04F79EFBC}") = "CoreMarket.Infrastructure", "CoreMarket.Infrastructure\CoreMarket.Infrastructure.csproj", "{EF40C342-7A4B-4616-8A45-A00AB7001D3B}"
EndProject
Global
	GlobalSection(SolutionConfigurationPlatforms) = preSolution
		Debug|Any CPU = Debug|Any CPU
		Release|Any CPU = Release|Any CPU
	EndGlobalSection
	GlobalSection(ProjectConfigurationPlatforms) = postSolution
		{63C5E2C1-58BF-4921-BCEB-4932E5C4CB68}.Debug|Any CPU.ActiveCfg = Debug|Any CPU
		{63C5E2C1-58BF-4921-BCEB-4932E5C4CB68}.Debug|Any CPU.Build.0 = Debug|Any CPU
		{63C5E2C1-58BF-4921-BCEB-4932E5C4CB68}.Release|Any CPU.ActiveCfg = Release|Any CPU
		{63C5E2C1-58BF-4921-BCEB-4932E5C4CB68}.Release|Any CPU.Build.0 = Release|Any CPU
		{78027CDF-902E-47EF-BD6E-0F77B26DA141}.Debug|Any CPU.ActiveCfg = Debug|Any CPU
		{78027CDF-902E-47EF-BD6E-0F77B26DA141}.Debug|Any CPU.Build.0 = Debug|Any CPU
		{78027CDF-902E-47EF-BD6E-0F77B26DA141}.Release|Any CPU.ActiveCfg = Release|Any CPU
		{78027CDF-902E-47EF-BD6E-0F77B26DA141}.Release|Any CPU.Build.0 = Release|Any CPU
		{EF40C342-7A4B-4616-8A45-A00AB7001D3B}.Debug|Any CPU.ActiveCfg = Debug|Any CPU
		{EF40C342-7A4B-4616-8A45-A00AB7001D3B}.Debug|Any CPU.Build.0 = Debug|Any CPU
		{EF40C342-7A4B-4616-8A45-A00AB7001D3B}.Release|Any CPU.ActiveCfg = Release|Any CPU
		{EF40C342-7A4B-4616-8A45-A00AB7001D3B}.Release|Any CPU.Build.0 = Release|Any CPU
	EndGlobalSection
	GlobalSection(SolutionProperties) = preSolution
		HideSolutionNode = FALSE
	EndGlobalSection
	GlobalSection(ExtensibilityGlobals) = postSolution
		SolutionGuid = {772F5863-F99E-4F94-B1E8-0054C2EB8C7F}
	EndGlobalSection
EndGlobal
